
Microsoft Visual Studio Solution File, Format Version 11.00
# Visual Studio 2010
Project("{FAE04EC0-301F-11D3-BF4B-00C04F79EFBC}") = "final_project", "final_project\final_project.csproj", "{58AFCA5D-273C-4D8E-A17D-A08C5DBFC968}"
EndProject
Global
	GlobalSection(SolutionConfigurationPlatforms) = preSolution
		Debug|x86 = Debug|x86
		Release|x86 = Release|x86
	EndGlobalSection
	GlobalSection(ProjectConfigurationPlatforms) = postSolution
		{58AFCA5D-273C-4D8E-A17D-A08C5DBFC968}.Debug|x86.ActiveCfg = Debug|x86
		{58AFCA5D-273C-4D8E-A17D-A08C5DBFC968}.Debug|x86.Build.0 = Debug|x86
		{58AFCA5D-273C-4D8E-A17D-A08C5DBFC968}.Release|x86.ActiveCfg = Release|x86
		{58AFCA5D-273C-4D8E-A17D-A08C5DBFC968}.Release|x86.Build.0 = Release|x86
	EndGlobalSection
	GlobalSection(SolutionProperties) = preSolution
		HideSolutionNode = FALSE
	EndGlobalSection
EndGlobal
